
Microsoft Visual Studio Solution File, Format Version 12.00
# Visual Studio Version 17
VisualStudioVersion = 17.0.31903.59
MinimumVisualStudioVersion = 10.0.40219.1
Project("{2150E333-8FDC-42A3-9474-1A3956D46DE8}") = "Solution Items", "Solution Items", "{4974A6F1-55EA-4DD6-A20E-1D93120A34B9}"
	ProjectSection(SolutionItems) = preProject
		.gitignore = .gitignore
		LICENSE = LICENSE
		README.md = README.md
	EndProjectSection
EndProject
Project("{2150E333-8FDC-42A3-9474-1A3956D46DE8}") = ".github", ".github", "{BBC36D7D-AFFC-4461-896C-FD6DCCC4EF90}"
	ProjectSection(SolutionItems) = preProject
		.github\workflows\dev-ci.yml = .github\workflows\dev-ci.yml
		.github\workflows\main-publish.yml = .github\workflows\main-publish.yml
	EndProjectSection
EndProject
Project("{9A19103F-16F7-4668-BE54-9A1E7A4F7556}") = "KeyValueRepo", "src\KeyValueRepo\KeyValueRepo.csproj", "{64A286A1-FEAE-4E1F-BA60-79BACEFE1C11}"
EndProject
Project("{9A19103F-16F7-4668-BE54-9A1E7A4F7556}") = "Tests.NugetSample", "src\Tests.NugetSample\Tests.NugetSample.csproj", "{91BE2686-F31B-4895-B981-C9E833219F53}"
EndProject
Project("{9A19103F-16F7-4668-BE54-9A1E7A4F7556}") = "KeyValueSqlServerRepo", "src\KeyValueSqlServerRepo\KeyValueSqlServerRepo.csproj", "{8A0CA749-AF9A-419F-806F-2BBEEEE16E2F}"
EndProject
Project("{9A19103F-16F7-4668-BE54-9A1E7A4F7556}") = "KeyValueSqlServerRepoTests", "src\KeyValueSqlServerRepoTests\KeyValueSqlServerRepoTests.csproj", "{3B7B329F-5B36-4598-99D0-C4DE3C3934FD}"
EndProject
Project("{9A19103F-16F7-4668-BE54-9A1E7A4F7556}") = "Tests.InMemory", "src\Tests.InMemory\Tests.InMemory.csproj", "{F5BC10DC-62FD-407F-8FC0-E1F931A5D4BA}"
EndProject
Global
	GlobalSection(SolutionConfigurationPlatforms) = preSolution
		Debug|Any CPU = Debug|Any CPU
		Release|Any CPU = Release|Any CPU
	EndGlobalSection
	GlobalSection(ProjectConfigurationPlatforms) = postSolution
		{64A286A1-FEAE-4E1F-BA60-79BACEFE1C11}.Debug|Any CPU.ActiveCfg = Debug|Any CPU
		{64A286A1-FEAE-4E1F-BA60-79BACEFE1C11}.Debug|Any CPU.Build.0 = Debug|Any CPU
		{64A286A1-FEAE-4E1F-BA60-79BACEFE1C11}.Release|Any CPU.ActiveCfg = Release|Any CPU
		{64A286A1-FEAE-4E1F-BA60-79BACEFE1C11}.Release|Any CPU.Build.0 = Release|Any CPU
		{91BE2686-F31B-4895-B981-C9E833219F53}.Debug|Any CPU.ActiveCfg = Debug|Any CPU
		{91BE2686-F31B-4895-B981-C9E833219F53}.Debug|Any CPU.Build.0 = Debug|Any CPU
		{91BE2686-F31B-4895-B981-C9E833219F53}.Release|Any CPU.ActiveCfg = Release|Any CPU
		{91BE2686-F31B-4895-B981-C9E833219F53}.Release|Any CPU.Build.0 = Release|Any CPU
		{8A0CA749-AF9A-419F-806F-2BBEEEE16E2F}.Debug|Any CPU.ActiveCfg = Debug|Any CPU
		{8A0CA749-AF9A-419F-806F-2BBEEEE16E2F}.Debug|Any CPU.Build.0 = Debug|Any CPU
		{8A0CA749-AF9A-419F-806F-2BBEEEE16E2F}.Release|Any CPU.ActiveCfg = Release|Any CPU
		{8A0CA749-AF9A-419F-806F-2BBEEEE16E2F}.Release|Any CPU.Build.0 = Release|Any CPU
		{3B7B329F-5B36-4598-99D0-C4DE3C3934FD}.Debug|Any CPU.ActiveCfg = Debug|Any CPU
		{3B7B329F-5B36-4598-99D0-C4DE3C3934FD}.Debug|Any CPU.Build.0 = Debug|Any CPU
		{3B7B329F-5B36-4598-99D0-C4DE3C3934FD}.Release|Any CPU.ActiveCfg = Release|Any CPU
		{3B7B329F-5B36-4598-99D0-C4DE3C3934FD}.Release|Any CPU.Build.0 = Release|Any CPU
		{F5BC10DC-62FD-407F-8FC0-E1F931A5D4BA}.Debug|Any CPU.ActiveCfg = Debug|Any CPU
		{F5BC10DC-62FD-407F-8FC0-E1F931A5D4BA}.Debug|Any CPU.Build.0 = Debug|Any CPU
		{F5BC10DC-62FD-407F-8FC0-E1F931A5D4BA}.Release|Any CPU.ActiveCfg = Release|Any CPU
		{F5BC10DC-62FD-407F-8FC0-E1F931A5D4BA}.Release|Any CPU.Build.0 = Release|Any CPU
	EndGlobalSection
	GlobalSection(SolutionProperties) = preSolution
		HideSolutionNode = FALSE
	EndGlobalSection
	GlobalSection(NestedProjects) = preSolution
		{BBC36D7D-AFFC-4461-896C-FD6DCCC4EF90} = {4974A6F1-55EA-4DD6-A20E-1D93120A34B9}
	EndGlobalSection
	GlobalSection(ExtensibilityGlobals) = postSolution
		SolutionGuid = {3769E554-6091-4F35-A13B-6F4F14727780}
	EndGlobalSection
EndGlobal
