
Microsoft Visual Studio Solution File, Format Version 12.00
# Visual Studio Version 17
VisualStudioVersion = 17.0.31903.59
MinimumVisualStudioVersion = 10.0.40219.1
Project("{9A19103F-16F7-4668-BE54-9A1E7A4F7556}") = "KayValue.Core", "src\Core\KayValue.Core\KayValue.Core.csproj", "{AB45ADC5-7A35-473A-B74B-412A1D7D24D3}"
EndProject
Project("{2150E333-8FDC-42A3-9474-1A3956D46DE8}") = "Solution Items", "Solution Items", "{4974A6F1-55EA-4DD6-A20E-1D93120A34B9}"
	ProjectSection(SolutionItems) = preProject
		.gitignore = .gitignore
		LICENSE = LICENSE
		README.md = README.md
	EndProjectSection
EndProject
Project("{2150E333-8FDC-42A3-9474-1A3956D46DE8}") = ".github", ".github", "{BBC36D7D-AFFC-4461-896C-FD6DCCC4EF90}"
EndProject
Project("{FAE04EC0-301F-11D3-BF4B-00C04F79EFBC}") = "Tests.InMemory", "src\Tests.InMemory\Tests.InMemory\Tests.InMemory.csproj", "{18B12517-16C8-415B-B33A-4130416D898A}"
EndProject
Global
	GlobalSection(SolutionConfigurationPlatforms) = preSolution
		Debug|Any CPU = Debug|Any CPU
		Release|Any CPU = Release|Any CPU
	EndGlobalSection
	GlobalSection(ProjectConfigurationPlatforms) = postSolution
		{AB45ADC5-7A35-473A-B74B-412A1D7D24D3}.Debug|Any CPU.ActiveCfg = Debug|Any CPU
		{AB45ADC5-7A35-473A-B74B-412A1D7D24D3}.Debug|Any CPU.Build.0 = Debug|Any CPU
		{AB45ADC5-7A35-473A-B74B-412A1D7D24D3}.Release|Any CPU.ActiveCfg = Release|Any CPU
		{AB45ADC5-7A35-473A-B74B-412A1D7D24D3}.Release|Any CPU.Build.0 = Release|Any CPU
		{18B12517-16C8-415B-B33A-4130416D898A}.Debug|Any CPU.ActiveCfg = Debug|Any CPU
		{18B12517-16C8-415B-B33A-4130416D898A}.Debug|Any CPU.Build.0 = Debug|Any CPU
		{18B12517-16C8-415B-B33A-4130416D898A}.Release|Any CPU.ActiveCfg = Release|Any CPU
		{18B12517-16C8-415B-B33A-4130416D898A}.Release|Any CPU.Build.0 = Release|Any CPU
	EndGlobalSection
	GlobalSection(SolutionProperties) = preSolution
		HideSolutionNode = FALSE
	EndGlobalSection
	GlobalSection(NestedProjects) = preSolution
		{BBC36D7D-AFFC-4461-896C-FD6DCCC4EF90} = {4974A6F1-55EA-4DD6-A20E-1D93120A34B9}
	EndGlobalSection
	GlobalSection(ExtensibilityGlobals) = postSolution
		SolutionGuid = {3769E554-6091-4F35-A13B-6F4F14727780}
	EndGlobalSection
EndGlobal
